// !$*UTF8*$!
{
	archiveVersion = 1;
	classes = {
	};
	objectVersion = 46;
	objects = {

/* Begin PBXBuildFile section */
		75E91F8983CF424FA9B1CF96 /* libPods.a in Frameworks */ = {isa = PBXBuildFile; fileRef = 5AC1607FA7B34452A8AAB88B /* libPods.a */; };
		80EF385B1772A92600A28091 /* BTTIndexController.xib in Resources */ = {isa = PBXBuildFile; fileRef = 80EF385A1772A92600A28091 /* BTTIndexController.xib */; };
		80EF385D1772DB0A00A28091 /* BTTSetupController.xib in Resources */ = {isa = PBXBuildFile; fileRef = 80EF385C1772DB0A00A28091 /* BTTSetupController.xib */; };
		80EF38641772E12A00A28091 /* Localizable.strings in Resources */ = {isa = PBXBuildFile; fileRef = 80EF38661772E12A00A28091 /* Localizable.strings */; };
		80EF386C1772F74E00A28091 /* QuartzCore.framework in Frameworks */ = {isa = PBXBuildFile; fileRef = 80EF386B1772F74E00A28091 /* QuartzCore.framework */; };
		C660B0CF1DCA7BF37D228946 /* InfoPlist.strings in Resources */ = {isa = PBXBuildFile; fileRef = C660B303ED3C2ACB9EA44C32 /* InfoPlist.strings */; };
		C660B0FD29576A796100812F /* setup.png in Resources */ = {isa = PBXBuildFile; fileRef = C660B9594C1AD1CB993E545A /* setup.png */; };
		C660B104664DC839D18285FB /* warning.png in Resources */ = {isa = PBXBuildFile; fileRef = C660B025CEB7CFDC9293C195 /* warning.png */; };
		C660B1274A8D0A725599D914 /* BTTTaskItem.m in Sources */ = {isa = PBXBuildFile; fileRef = C660B07269B45CA9736AA317 /* BTTTaskItem.m */; };
		C660B265A56CDF9138E644DD /* payout_pen@2x.png in Resources */ = {isa = PBXBuildFile; fileRef = C660BE7C3B5FF5F2AB119E20 /* payout_pen@2x.png */; };
		C660B2CEB82CFAB53506D19C /* navbar-background-gray@2x.png in Resources */ = {isa = PBXBuildFile; fileRef = C660B2FAF3FA6B36E5B201C8 /* navbar-background-gray@2x.png */; };
		C660B30B60C0ABE23EC06357 /* setup@2x.png in Resources */ = {isa = PBXBuildFile; fileRef = C660B46DAEA06EBDDB09E5BE /* setup@2x.png */; };
		C660B39F00E15026B4580498 /* BTTDateUtil.m in Sources */ = {isa = PBXBuildFile; fileRef = C660B46AF96AF953919C497D /* BTTDateUtil.m */; };
		C660B39F135E847B613F8E0B /* payout_pen.png in Resources */ = {isa = PBXBuildFile; fileRef = C660BCA3DFA7875F81D5B3B5 /* payout_pen.png */; };
		C660B44AE4FFE70870C8C861 /* navbar-button-return-gray.png in Resources */ = {isa = PBXBuildFile; fileRef = C660BD7A5522B00EDF7E9D33 /* navbar-button-return-gray.png */; };
		C660B4A6D91D1EDA25496CCD /* BTTSetupController.m in Sources */ = {isa = PBXBuildFile; fileRef = C660B9E8708AF574C2A00A49 /* BTTSetupController.m */; };
		C660B57D2105FF816EEEB806 /* UIKit.framework in Frameworks */ = {isa = PBXBuildFile; fileRef = C660BB569D5D5AB69E3E8ED9 /* UIKit.framework */; };
		C660B591F16F65204A1133AB /* BTTCreateTaskController.m in Sources */ = {isa = PBXBuildFile; fileRef = C660BA87E73ED8B8BA1A20D7 /* BTTCreateTaskController.m */; };
		C660B694DEAD39E2764273C8 /* textfield_label_bg.png in Resources */ = {isa = PBXBuildFile; fileRef = C660BF8A17F38BA39F56616D /* textfield_label_bg.png */; };
		C660B824E342EFD91CB8DB53 /* Foundation.framework in Frameworks */ = {isa = PBXBuildFile; fileRef = C660B29923C907735BFBFFBF /* Foundation.framework */; };
		C660B8949D431BE108A70120 /* BTTIndexController.m in Sources */ = {isa = PBXBuildFile; fileRef = C660B9DA0E9669FC47A92CAA /* BTTIndexController.m */; };
		C660B8AF96CCF79F731F80B9 /* navbar-button-return-green@2x.png in Resources */ = {isa = PBXBuildFile; fileRef = C660BC1DA3A02A374F79BC07 /* navbar-button-return-green@2x.png */; };
		C660B90CB8FF0417C0E126FD /* BTTHorizontalSlideView.m in Sources */ = {isa = PBXBuildFile; fileRef = C660BB4342E8EC5591135CA9 /* BTTHorizontalSlideView.m */; };
		C660B9190216F93B54D52123 /* BTTAppDelegate.m in Sources */ = {isa = PBXBuildFile; fileRef = C660BE20CAB8F2FAFAAF23B3 /* BTTAppDelegate.m */; };
		C660B91A36E7AD60782B80FD /* check_mark@2x.png in Resources */ = {isa = PBXBuildFile; fileRef = C660B83CD99E8C1B498E5975 /* check_mark@2x.png */; };
		C660B9214F030C720B57A089 /* textfield_label_bg@2x.png in Resources */ = {isa = PBXBuildFile; fileRef = C660B9F84B9CE0D1D978CF6F /* textfield_label_bg@2x.png */; };
		C660B9858531A007887F75EF /* Default.png in Resources */ = {isa = PBXBuildFile; fileRef = C660BD550D3667D2F05C6C48 /* Default.png */; };
		C660B98F71CD4F3FB0469B05 /* BTTListTaskController.m in Sources */ = {isa = PBXBuildFile; fileRef = C660B8A77D0BAA92BE7766B2 /* BTTListTaskController.m */; };
		C660B9FA1B05D174243A8CD7 /* navbar-background-gray.png in Resources */ = {isa = PBXBuildFile; fileRef = C660BB743C8543A7B5D1EA51 /* navbar-background-gray.png */; };
		C660BA1C2E8DBF9C4F450100 /* BTTTaskDao.m in Sources */ = {isa = PBXBuildFile; fileRef = C660B39BFB29B5259F2D5F20 /* BTTTaskDao.m */; };
		C660BA38F4C13B1E3DE64EDC /* navbar-button-done-green@2x.png in Resources */ = {isa = PBXBuildFile; fileRef = C660BA1A128C55F75902EFB8 /* navbar-button-done-green@2x.png */; };
		C660BAF835CC9FA9662AFE5D /* cancel.png in Resources */ = {isa = PBXBuildFile; fileRef = C660B09BD6A42EED465464DD /* cancel.png */; };
		C660BB1C50B2118193772949 /* CoreGraphics.framework in Frameworks */ = {isa = PBXBuildFile; fileRef = C660BF683EF87B401117F41A /* CoreGraphics.framework */; };
		C660BB852F1F056DA2E3B466 /* navbar-button-return-green.png in Resources */ = {isa = PBXBuildFile; fileRef = C660B2F0FB991303DE0C6550 /* navbar-button-return-green.png */; };
		C660BB9F566CEDC5B47C20AF /* navbar-button-menu.png in Resources */ = {isa = PBXBuildFile; fileRef = C660BF6C548A872BD55974E7 /* navbar-button-menu.png */; };
		C660BBA01B610AAE5F689D7B /* BTTWeekView.m in Sources */ = {isa = PBXBuildFile; fileRef = C660B91E018FE2A3EC29D248 /* BTTWeekView.m */; };
		C660BBFB761475E75FBF3056 /* navbar-button-menu@2x.png in Resources */ = {isa = PBXBuildFile; fileRef = C660BCF91E920BA7C6E4698B /* navbar-button-menu@2x.png */; };
		C660BC2FFAAC53780A8C6E98 /* navbar-button-edit.png in Resources */ = {isa = PBXBuildFile; fileRef = C660B222509CCF444FDFA841 /* navbar-button-edit.png */; };
		C660BC4D2CCF0B6E123BA0E3 /* BTTTaskItemDao.m in Sources */ = {isa = PBXBuildFile; fileRef = C660B6C9A6D4929628342FAC /* BTTTaskItemDao.m */; };
		C660BC5387605D92AC60FDCA /* main.m in Sources */ = {isa = PBXBuildFile; fileRef = C660B4FC1257C06D79DAB741 /* main.m */; };
		C660BC6D5822D6FC707DAEF1 /* navbar-button-return-gray@2x.png in Resources */ = {isa = PBXBuildFile; fileRef = C660BA33F4D814F15C653A7A /* navbar-button-return-gray@2x.png */; };
		C660BCBCA48FF7EDBC491414 /* Default-568h@2x.png in Resources */ = {isa = PBXBuildFile; fileRef = C660B598773E423E1080EFAD /* Default-568h@2x.png */; };
		C660BCFFC8AFCA3F1C01AB67 /* cancel@2x.png in Resources */ = {isa = PBXBuildFile; fileRef = C660B443854B73C446FC08D4 /* cancel@2x.png */; };
		C660BD952CF90BBBA23DABC6 /* navbar-button-edit@2x.png in Resources */ = {isa = PBXBuildFile; fileRef = C660B7EED4BE78D34E225FF1 /* navbar-button-edit@2x.png */; };
		C660BDC48321098C32BC3F60 /* BTTSwitchTaskController.m in Sources */ = {isa = PBXBuildFile; fileRef = C660BDC240F209041C73BC00 /* BTTSwitchTaskController.m */; };
		C660BE18D5AB6C4D2CAA524F /* Default@2x.png in Resources */ = {isa = PBXBuildFile; fileRef = C660BA1D03E29CB4E991BAFA /* Default@2x.png */; };
		C660BF05897FD367D119F099 /* BTTUIViewController.m in Sources */ = {isa = PBXBuildFile; fileRef = C660B8EB9DB269941C797175 /* BTTUIViewController.m */; };
		C660BF1E79CA72C117754888 /* check_mark.png in Resources */ = {isa = PBXBuildFile; fileRef = C660B31E2A155C2FC8E0FE9E /* check_mark.png */; };
		C660BF33CF6595AD937ECADC /* navbar-background-green.png in Resources */ = {isa = PBXBuildFile; fileRef = C660BBB038CC6608CC792DC2 /* navbar-background-green.png */; };
		C660BF3EB3BFF887E090E299 /* BTTDatabaseUtil.m in Sources */ = {isa = PBXBuildFile; fileRef = C660B4E477A27CE456CB3A01 /* BTTDatabaseUtil.m */; };
		C660BF503322D43852B16AB0 /* navbar-background-green@2x.png in Resources */ = {isa = PBXBuildFile; fileRef = C660BEB1DAD9534993E8B5DB /* navbar-background-green@2x.png */; };
		C660BF540017452BD5BF533A /* BTTTask.m in Sources */ = {isa = PBXBuildFile; fileRef = C660B73C84950C0AFEB96908 /* BTTTask.m */; };
		C660BF56EB4C6A52D715DF02 /* navbar-button-done-green.png in Resources */ = {isa = PBXBuildFile; fileRef = C660B3CA22C3A7B8D08B3543 /* navbar-button-done-green.png */; };
		C660BF7164CC2692D1AD895A /* warning@2x.png in Resources */ = {isa = PBXBuildFile; fileRef = C660B26C34C80C753D205087 /* warning@2x.png */; };
/* End PBXBuildFile section */

/* Begin PBXFileReference section */
		5AC1607FA7B34452A8AAB88B /* libPods.a */ = {isa = PBXFileReference; explicitFileType = archive.ar; includeInIndex = 0; path = libPods.a; sourceTree = BUILT_PRODUCTS_DIR; };
		80EF385A1772A92600A28091 /* BTTIndexController.xib */ = {isa = PBXFileReference; fileEncoding = 4; lastKnownFileType = file.xib; path = BTTIndexController.xib; sourceTree = SOURCE_ROOT; };
		80EF385C1772DB0A00A28091 /* BTTSetupController.xib */ = {isa = PBXFileReference; fileEncoding = 4; lastKnownFileType = file.xib; path = BTTSetupController.xib; sourceTree = SOURCE_ROOT; };
		80EF38651772E12A00A28091 /* en */ = {isa = PBXFileReference; lastKnownFileType = file; name = en; path = en.lproj/Localizable.strings; sourceTree = "<group>"; };
		80EF38691772E18A00A28091 /* zh-Hans */ = {isa = PBXFileReference; lastKnownFileType = file; name = "zh-Hans"; path = "zh-Hans.lproj/Localizable.strings"; sourceTree = "<group>"; };
		80EF386A1772E18A00A28091 /* zh-Hans */ = {isa = PBXFileReference; lastKnownFileType = text.plist.strings; name = "zh-Hans"; path = "zh-Hans.lproj/InfoPlist.strings"; sourceTree = "<group>"; };
		80EF386B1772F74E00A28091 /* QuartzCore.framework */ = {isa = PBXFileReference; lastKnownFileType = wrapper.framework; name = QuartzCore.framework; path = System/Library/Frameworks/QuartzCore.framework; sourceTree = SDKROOT; };
		8E1839146C294F5BA4AC5C5E /* Pods.xcconfig */ = {isa = PBXFileReference; includeInIndex = 1; lastKnownFileType = text.xcconfig; name = Pods.xcconfig; path = Pods/Pods.xcconfig; sourceTree = SOURCE_ROOT; };
		C660B025CEB7CFDC9293C195 /* warning.png */ = {isa = PBXFileReference; lastKnownFileType = image.png; path = warning.png; sourceTree = "<group>"; };
		C660B07269B45CA9736AA317 /* BTTTaskItem.m */ = {isa = PBXFileReference; fileEncoding = 4; lastKnownFileType = sourcecode.c.objc; path = BTTTaskItem.m; sourceTree = "<group>"; };
		C660B09BD6A42EED465464DD /* cancel.png */ = {isa = PBXFileReference; lastKnownFileType = image.png; path = cancel.png; sourceTree = "<group>"; };
		C660B11DF55D83886DEF8C90 /* BTTWeekView.h */ = {isa = PBXFileReference; fileEncoding = 4; lastKnownFileType = sourcecode.c.h; path = BTTWeekView.h; sourceTree = "<group>"; };
		C660B12DC98AC04E87B3200D /* Insist100Days-Info.plist */ = {isa = PBXFileReference; fileEncoding = 4; lastKnownFileType = text.plist.info; path = "Insist100Days-Info.plist"; sourceTree = "<group>"; };
		C660B222509CCF444FDFA841 /* navbar-button-edit.png */ = {isa = PBXFileReference; lastKnownFileType = image.png; path = "navbar-button-edit.png"; sourceTree = "<group>"; };
		C660B26693AFCCBDD9D64D6C /* Insist100Days-Prefix.pch */ = {isa = PBXFileReference; fileEncoding = 4; lastKnownFileType = sourcecode.c.h; path = "Insist100Days-Prefix.pch"; sourceTree = "<group>"; };
		C660B26C34C80C753D205087 /* warning@2x.png */ = {isa = PBXFileReference; lastKnownFileType = image.png; path = "warning@2x.png"; sourceTree = "<group>"; };
		C660B29923C907735BFBFFBF /* Foundation.framework */ = {isa = PBXFileReference; lastKnownFileType = wrapper.framework; name = Foundation.framework; path = System/Library/Frameworks/Foundation.framework; sourceTree = SDKROOT; };
		C660B2E876CA7F90126DD50F /* BTTListTaskController.h */ = {isa = PBXFileReference; fileEncoding = 4; lastKnownFileType = sourcecode.c.h; path = BTTListTaskController.h; sourceTree = "<group>"; };
		C660B2F0FB991303DE0C6550 /* navbar-button-return-green.png */ = {isa = PBXFileReference; lastKnownFileType = image.png; path = "navbar-button-return-green.png"; sourceTree = "<group>"; };
		C660B2FAF3FA6B36E5B201C8 /* navbar-background-gray@2x.png */ = {isa = PBXFileReference; lastKnownFileType = image.png; path = "navbar-background-gray@2x.png"; sourceTree = "<group>"; };
		C660B31E2A155C2FC8E0FE9E /* check_mark.png */ = {isa = PBXFileReference; lastKnownFileType = image.png; path = check_mark.png; sourceTree = "<group>"; };
		C660B32D6A15B6061FB3B2DA /* BTTSetupController.h */ = {isa = PBXFileReference; fileEncoding = 4; lastKnownFileType = sourcecode.c.h; path = BTTSetupController.h; sourceTree = "<group>"; };
		C660B39BFB29B5259F2D5F20 /* BTTTaskDao.m */ = {isa = PBXFileReference; fileEncoding = 4; lastKnownFileType = sourcecode.c.objc; path = BTTTaskDao.m; sourceTree = "<group>"; };
		C660B3CA22C3A7B8D08B3543 /* navbar-button-done-green.png */ = {isa = PBXFileReference; lastKnownFileType = image.png; path = "navbar-button-done-green.png"; sourceTree = "<group>"; };
		C660B3CE8DA2B93598BF6828 /* BTTCreateTaskController.h */ = {isa = PBXFileReference; fileEncoding = 4; lastKnownFileType = sourcecode.c.h; path = BTTCreateTaskController.h; sourceTree = "<group>"; };
		C660B443854B73C446FC08D4 /* cancel@2x.png */ = {isa = PBXFileReference; lastKnownFileType = image.png; path = "cancel@2x.png"; sourceTree = "<group>"; };
		C660B46AF96AF953919C497D /* BTTDateUtil.m */ = {isa = PBXFileReference; fileEncoding = 4; lastKnownFileType = sourcecode.c.objc; path = BTTDateUtil.m; sourceTree = "<group>"; };
		C660B46DAEA06EBDDB09E5BE /* setup@2x.png */ = {isa = PBXFileReference; lastKnownFileType = image.png; path = "setup@2x.png"; sourceTree = "<group>"; };
		C660B4B1927678C7FE3DEA61 /* BTTAppDelegate.h */ = {isa = PBXFileReference; fileEncoding = 4; lastKnownFileType = sourcecode.c.h; path = BTTAppDelegate.h; sourceTree = "<group>"; };
		C660B4E477A27CE456CB3A01 /* BTTDatabaseUtil.m */ = {isa = PBXFileReference; fileEncoding = 4; lastKnownFileType = sourcecode.c.objc; path = BTTDatabaseUtil.m; sourceTree = "<group>"; };
		C660B4FC1257C06D79DAB741 /* main.m */ = {isa = PBXFileReference; fileEncoding = 4; lastKnownFileType = sourcecode.c.objc; path = main.m; sourceTree = "<group>"; };
		C660B598773E423E1080EFAD /* Default-568h@2x.png */ = {isa = PBXFileReference; lastKnownFileType = image.png; path = "Default-568h@2x.png"; sourceTree = "<group>"; };
		C660B601C10C91BCD67E5320 /* Insist100Days.app */ = {isa = PBXFileReference; explicitFileType = wrapper.application; includeInIndex = 0; path = Insist100Days.app; sourceTree = BUILT_PRODUCTS_DIR; };
		C660B6AD7291B2D5D4322790 /* BTTIndexController.h */ = {isa = PBXFileReference; fileEncoding = 4; lastKnownFileType = sourcecode.c.h; path = BTTIndexController.h; sourceTree = "<group>"; };
		C660B6C9A6D4929628342FAC /* BTTTaskItemDao.m */ = {isa = PBXFileReference; fileEncoding = 4; lastKnownFileType = sourcecode.c.objc; path = BTTTaskItemDao.m; sourceTree = "<group>"; };
		C660B73C84950C0AFEB96908 /* BTTTask.m */ = {isa = PBXFileReference; fileEncoding = 4; lastKnownFileType = sourcecode.c.objc; path = BTTTask.m; sourceTree = "<group>"; };
		C660B7B3F2123BF58267D37D /* BTTUIViewController.h */ = {isa = PBXFileReference; fileEncoding = 4; lastKnownFileType = sourcecode.c.h; path = BTTUIViewController.h; sourceTree = "<group>"; };
		C660B7EED4BE78D34E225FF1 /* navbar-button-edit@2x.png */ = {isa = PBXFileReference; lastKnownFileType = image.png; path = "navbar-button-edit@2x.png"; sourceTree = "<group>"; };
		C660B83CD99E8C1B498E5975 /* check_mark@2x.png */ = {isa = PBXFileReference; lastKnownFileType = image.png; path = "check_mark@2x.png"; sourceTree = "<group>"; };
		C660B88D9F785DB7E5BA70B2 /* BTTEnums.h */ = {isa = PBXFileReference; fileEncoding = 4; lastKnownFileType = sourcecode.c.h; path = BTTEnums.h; sourceTree = "<group>"; };
		C660B892C98E72CF88EBBD64 /* BTTDateUtil.h */ = {isa = PBXFileReference; fileEncoding = 4; lastKnownFileType = sourcecode.c.h; path = BTTDateUtil.h; sourceTree = "<group>"; };
		C660B8A77D0BAA92BE7766B2 /* BTTListTaskController.m */ = {isa = PBXFileReference; fileEncoding = 4; lastKnownFileType = sourcecode.c.objc; path = BTTListTaskController.m; sourceTree = "<group>"; };
		C660B8EB9DB269941C797175 /* BTTUIViewController.m */ = {isa = PBXFileReference; fileEncoding = 4; lastKnownFileType = sourcecode.c.objc; path = BTTUIViewController.m; sourceTree = "<group>"; };
		C660B91E018FE2A3EC29D248 /* BTTWeekView.m */ = {isa = PBXFileReference; fileEncoding = 4; lastKnownFileType = sourcecode.c.objc; path = BTTWeekView.m; sourceTree = "<group>"; };
		C660B9594C1AD1CB993E545A /* setup.png */ = {isa = PBXFileReference; lastKnownFileType = image.png; path = setup.png; sourceTree = "<group>"; };
		C660B9DA0E9669FC47A92CAA /* BTTIndexController.m */ = {isa = PBXFileReference; fileEncoding = 4; lastKnownFileType = sourcecode.c.objc; path = BTTIndexController.m; sourceTree = "<group>"; };
		C660B9E8708AF574C2A00A49 /* BTTSetupController.m */ = {isa = PBXFileReference; fileEncoding = 4; lastKnownFileType = sourcecode.c.objc; path = BTTSetupController.m; sourceTree = "<group>"; };
		C660B9F84B9CE0D1D978CF6F /* textfield_label_bg@2x.png */ = {isa = PBXFileReference; lastKnownFileType = image.png; path = "textfield_label_bg@2x.png"; sourceTree = "<group>"; };
		C660BA1A128C55F75902EFB8 /* navbar-button-done-green@2x.png */ = {isa = PBXFileReference; lastKnownFileType = image.png; path = "navbar-button-done-green@2x.png"; sourceTree = "<group>"; };
		C660BA1D03E29CB4E991BAFA /* Default@2x.png */ = {isa = PBXFileReference; lastKnownFileType = image.png; path = "Default@2x.png"; sourceTree = "<group>"; };
		C660BA33F4D814F15C653A7A /* navbar-button-return-gray@2x.png */ = {isa = PBXFileReference; lastKnownFileType = image.png; path = "navbar-button-return-gray@2x.png"; sourceTree = "<group>"; };
		C660BA87E73ED8B8BA1A20D7 /* BTTCreateTaskController.m */ = {isa = PBXFileReference; fileEncoding = 4; lastKnownFileType = sourcecode.c.objc; path = BTTCreateTaskController.m; sourceTree = "<group>"; };
		C660BB30902D00877EBE5728 /* en */ = {isa = PBXFileReference; fileEncoding = 4; lastKnownFileType = text.plist.strings; name = en; path = en.lproj/InfoPlist.strings; sourceTree = "<group>"; };
		C660BB4342E8EC5591135CA9 /* BTTHorizontalSlideView.m */ = {isa = PBXFileReference; fileEncoding = 4; lastKnownFileType = sourcecode.c.objc; path = BTTHorizontalSlideView.m; sourceTree = "<group>"; };
		C660BB569D5D5AB69E3E8ED9 /* UIKit.framework */ = {isa = PBXFileReference; lastKnownFileType = wrapper.framework; name = UIKit.framework; path = System/Library/Frameworks/UIKit.framework; sourceTree = SDKROOT; };
		C660BB743C8543A7B5D1EA51 /* navbar-background-gray.png */ = {isa = PBXFileReference; lastKnownFileType = image.png; path = "navbar-background-gray.png"; sourceTree = "<group>"; };
		C660BB9EAEE4EA6FDAE2F3D2 /* BTTSwitchTaskController.h */ = {isa = PBXFileReference; fileEncoding = 4; lastKnownFileType = sourcecode.c.h; path = BTTSwitchTaskController.h; sourceTree = "<group>"; };
		C660BBB038CC6608CC792DC2 /* navbar-background-green.png */ = {isa = PBXFileReference; lastKnownFileType = image.png; path = "navbar-background-green.png"; sourceTree = "<group>"; };
		C660BC1DA3A02A374F79BC07 /* navbar-button-return-green@2x.png */ = {isa = PBXFileReference; lastKnownFileType = image.png; path = "navbar-button-return-green@2x.png"; sourceTree = "<group>"; };
		C660BC8702F326502014AAC5 /* BTTDatabaseUtil.h */ = {isa = PBXFileReference; fileEncoding = 4; lastKnownFileType = sourcecode.c.h; path = BTTDatabaseUtil.h; sourceTree = "<group>"; };
		C660BCA23B6CDA17A54CE540 /* BTTTaskDao.h */ = {isa = PBXFileReference; fileEncoding = 4; lastKnownFileType = sourcecode.c.h; path = BTTTaskDao.h; sourceTree = "<group>"; };
		C660BCA3DFA7875F81D5B3B5 /* payout_pen.png */ = {isa = PBXFileReference; lastKnownFileType = image.png; path = payout_pen.png; sourceTree = "<group>"; };
		C660BCF91E920BA7C6E4698B /* navbar-button-menu@2x.png */ = {isa = PBXFileReference; lastKnownFileType = image.png; path = "navbar-button-menu@2x.png"; sourceTree = "<group>"; };
		C660BD0EAF8881509AA0635A /* BTTConfig.h */ = {isa = PBXFileReference; fileEncoding = 4; lastKnownFileType = sourcecode.c.h; path = BTTConfig.h; sourceTree = "<group>"; };
		C660BD550D3667D2F05C6C48 /* Default.png */ = {isa = PBXFileReference; lastKnownFileType = image.png; path = Default.png; sourceTree = "<group>"; };
		C660BD7A5522B00EDF7E9D33 /* navbar-button-return-gray.png */ = {isa = PBXFileReference; lastKnownFileType = image.png; path = "navbar-button-return-gray.png"; sourceTree = "<group>"; };
		C660BD91757945F27D86A54A /* BTTTaskItemDao.h */ = {isa = PBXFileReference; fileEncoding = 4; lastKnownFileType = sourcecode.c.h; path = BTTTaskItemDao.h; sourceTree = "<group>"; };
		C660BDC240F209041C73BC00 /* BTTSwitchTaskController.m */ = {isa = PBXFileReference; fileEncoding = 4; lastKnownFileType = sourcecode.c.objc; path = BTTSwitchTaskController.m; sourceTree = "<group>"; };
		C660BDEEF69F769644275DDF /* BTTLogger.h */ = {isa = PBXFileReference; fileEncoding = 4; lastKnownFileType = sourcecode.c.h; path = BTTLogger.h; sourceTree = "<group>"; };
		C660BE20CAB8F2FAFAAF23B3 /* BTTAppDelegate.m */ = {isa = PBXFileReference; fileEncoding = 4; lastKnownFileType = sourcecode.c.objc; path = BTTAppDelegate.m; sourceTree = "<group>"; };
		C660BE7C3B5FF5F2AB119E20 /* payout_pen@2x.png */ = {isa = PBXFileReference; lastKnownFileType = image.png; path = "payout_pen@2x.png"; sourceTree = "<group>"; };
		C660BEB1DAD9534993E8B5DB /* navbar-background-green@2x.png */ = {isa = PBXFileReference; lastKnownFileType = image.png; path = "navbar-background-green@2x.png"; sourceTree = "<group>"; };
		C660BF215A24703AB15457E4 /* BTTHorizontalSlideView.h */ = {isa = PBXFileReference; fileEncoding = 4; lastKnownFileType = sourcecode.c.h; path = BTTHorizontalSlideView.h; sourceTree = "<group>"; };
		C660BF683EF87B401117F41A /* CoreGraphics.framework */ = {isa = PBXFileReference; lastKnownFileType = wrapper.framework; name = CoreGraphics.framework; path = System/Library/Frameworks/CoreGraphics.framework; sourceTree = SDKROOT; };
		C660BF6C548A872BD55974E7 /* navbar-button-menu.png */ = {isa = PBXFileReference; lastKnownFileType = image.png; path = "navbar-button-menu.png"; sourceTree = "<group>"; };
		C660BF779766C2C181BF2A52 /* BTTTaskItem.h */ = {isa = PBXFileReference; fileEncoding = 4; lastKnownFileType = sourcecode.c.h; path = BTTTaskItem.h; sourceTree = "<group>"; };
		C660BF8A17F38BA39F56616D /* textfield_label_bg.png */ = {isa = PBXFileReference; lastKnownFileType = image.png; path = textfield_label_bg.png; sourceTree = "<group>"; };
		C660BFDCC37F3D178807386D /* BTTTask.h */ = {isa = PBXFileReference; fileEncoding = 4; lastKnownFileType = sourcecode.c.h; path = BTTTask.h; sourceTree = "<group>"; };
/* End PBXFileReference section */

/* Begin PBXFrameworksBuildPhase section */
		C660B865936A1A410293BFDB /* Frameworks */ = {
			isa = PBXFrameworksBuildPhase;
			buildActionMask = 2147483647;
			files = (
				80EF386C1772F74E00A28091 /* QuartzCore.framework in Frameworks */,
				C660B57D2105FF816EEEB806 /* UIKit.framework in Frameworks */,
				C660B824E342EFD91CB8DB53 /* Foundation.framework in Frameworks */,
				C660BB1C50B2118193772949 /* CoreGraphics.framework in Frameworks */,
				75E91F8983CF424FA9B1CF96 /* libPods.a in Frameworks */,
			);
			runOnlyForDeploymentPostprocessing = 0;
		};
/* End PBXFrameworksBuildPhase section */

/* Begin PBXGroup section */
		80EF38611772E0B200A28091 /* Localization */ = {
			isa = PBXGroup;
			children = (
				80EF38661772E12A00A28091 /* Localizable.strings */,
			);
			name = Localization;
			sourceTree = "<group>";
		};
		C660B076C911CE06A9C6B3D8 /* Resources */ = {
			isa = PBXGroup;
			children = (
				80EF38611772E0B200A28091 /* Localization */,
				C660B64C87F94A63380885A4 /* Supporting Files */,
				C660B851EA6A9796DE7771A4 /* Libraries */,
				C660BFC192C8C77A3CFE976A /* Xibs */,
				C660BEF2835D1492731BE615 /* Images */,
			);
			path = Resources;
			sourceTree = "<group>";
		};
		C660B084F3EF5245AA504612 = {
			isa = PBXGroup;
			children = (
				80EF386B1772F74E00A28091 /* QuartzCore.framework */,
				C660BAD7BDE67EEC6959B722 /* Products */,
				C660B513C4B9168C74B03F6B /* Frameworks */,
				C660B87111AC376C897802C1 /* Insist100Days */,
				8E1839146C294F5BA4AC5C5E /* Pods.xcconfig */,
			);
			sourceTree = "<group>";
		};
		C660B318F5ED2969C07D26DB /* Models */ = {
			isa = PBXGroup;
			children = (
				C660BF779766C2C181BF2A52 /* BTTTaskItem.h */,
				C660BFDCC37F3D178807386D /* BTTTask.h */,
				C660B73C84950C0AFEB96908 /* BTTTask.m */,
				C660B07269B45CA9736AA317 /* BTTTaskItem.m */,
			);
			path = Models;
			sourceTree = "<group>";
		};
		C660B41E8DDD1779FEF30B14 /* Constants */ = {
			isa = PBXGroup;
			children = (
				C660B88D9F785DB7E5BA70B2 /* BTTEnums.h */,
			);
			path = Constants;
			sourceTree = "<group>";
		};
		C660B513C4B9168C74B03F6B /* Frameworks */ = {
			isa = PBXGroup;
			children = (
				C660BB569D5D5AB69E3E8ED9 /* UIKit.framework */,
				C660B29923C907735BFBFFBF /* Foundation.framework */,
				C660BF683EF87B401117F41A /* CoreGraphics.framework */,
				5AC1607FA7B34452A8AAB88B /* libPods.a */,
			);
			name = Frameworks;
			sourceTree = "<group>";
		};
		C660B569FC804E928C39F376 /* Controllers */ = {
			isa = PBXGroup;
			children = (
				C660B9DA0E9669FC47A92CAA /* BTTIndexController.m */,
				C660B6AD7291B2D5D4322790 /* BTTIndexController.h */,
				C660B9E8708AF574C2A00A49 /* BTTSetupController.m */,
				C660B32D6A15B6061FB3B2DA /* BTTSetupController.h */,
				C660BA87E73ED8B8BA1A20D7 /* BTTCreateTaskController.m */,
				C660B3CE8DA2B93598BF6828 /* BTTCreateTaskController.h */,
				C660B8EB9DB269941C797175 /* BTTUIViewController.m */,
				C660B7B3F2123BF58267D37D /* BTTUIViewController.h */,
				C660B8A77D0BAA92BE7766B2 /* BTTListTaskController.m */,
				C660B2E876CA7F90126DD50F /* BTTListTaskController.h */,
				C660BDC240F209041C73BC00 /* BTTSwitchTaskController.m */,
				C660BB9EAEE4EA6FDAE2F3D2 /* BTTSwitchTaskController.h */,
			);
			path = Controllers;
			sourceTree = "<group>";
		};
		C660B64C87F94A63380885A4 /* Supporting Files */ = {
			isa = PBXGroup;
			children = (
				C660B12DC98AC04E87B3200D /* Insist100Days-Info.plist */,
				C660B303ED3C2ACB9EA44C32 /* InfoPlist.strings */,
				C660B4FC1257C06D79DAB741 /* main.m */,
				C660B26693AFCCBDD9D64D6C /* Insist100Days-Prefix.pch */,
				C660BD550D3667D2F05C6C48 /* Default.png */,
				C660BA1D03E29CB4E991BAFA /* Default@2x.png */,
				C660B598773E423E1080EFAD /* Default-568h@2x.png */,
			);
			name = "Supporting Files";
			path = Insist100Days;
			sourceTree = SOURCE_ROOT;
		};
		C660B848588E5E8BEE1945D3 /* Views */ = {
			isa = PBXGroup;
			children = (
				C660BB4342E8EC5591135CA9 /* BTTHorizontalSlideView.m */,
				C660BF215A24703AB15457E4 /* BTTHorizontalSlideView.h */,
				C660B91E018FE2A3EC29D248 /* BTTWeekView.m */,
				C660B11DF55D83886DEF8C90 /* BTTWeekView.h */,
			);
			path = Views;
			sourceTree = "<group>";
		};
		C660B851EA6A9796DE7771A4 /* Libraries */ = {
			isa = PBXGroup;
			children = (
			);
			path = Libraries;
			sourceTree = "<group>";
		};
		C660B87111AC376C897802C1 /* Insist100Days */ = {
			isa = PBXGroup;
			children = (
				C660BEBF930FF076177FA1AF /* Classes */,
				C660B076C911CE06A9C6B3D8 /* Resources */,
			);
			path = Insist100Days;
			sourceTree = "<group>";
		};
		C660B9AA8DE71F154943F4E7 /* Dao */ = {
			isa = PBXGroup;
			children = (
				C660B6C9A6D4929628342FAC /* BTTTaskItemDao.m */,
				C660B39BFB29B5259F2D5F20 /* BTTTaskDao.m */,
				C660BCA23B6CDA17A54CE540 /* BTTTaskDao.h */,
				C660BD91757945F27D86A54A /* BTTTaskItemDao.h */,
			);
			path = Dao;
			sourceTree = "<group>";
		};
		C660BAAC5C233396246938FA /* navbar */ = {
			isa = PBXGroup;
			children = (
				C660B222509CCF444FDFA841 /* navbar-button-edit.png */,
				C660BF6C548A872BD55974E7 /* navbar-button-menu.png */,
				C660B7EED4BE78D34E225FF1 /* navbar-button-edit@2x.png */,
				C660BCF91E920BA7C6E4698B /* navbar-button-menu@2x.png */,
				C660BB743C8543A7B5D1EA51 /* navbar-background-gray.png */,
				C660BBB038CC6608CC792DC2 /* navbar-background-green.png */,
				C660B3CA22C3A7B8D08B3543 /* navbar-button-done-green.png */,
				C660B2FAF3FA6B36E5B201C8 /* navbar-background-gray@2x.png */,
				C660BD7A5522B00EDF7E9D33 /* navbar-button-return-gray.png */,
				C660BEB1DAD9534993E8B5DB /* navbar-background-green@2x.png */,
				C660B2F0FB991303DE0C6550 /* navbar-button-return-green.png */,
				C660BA1A128C55F75902EFB8 /* navbar-button-done-green@2x.png */,
				C660BA33F4D814F15C653A7A /* navbar-button-return-gray@2x.png */,
				C660BC1DA3A02A374F79BC07 /* navbar-button-return-green@2x.png */,
			);
			path = navbar;
			sourceTree = "<group>";
		};
		C660BAD7BDE67EEC6959B722 /* Products */ = {
			isa = PBXGroup;
			children = (
				C660B601C10C91BCD67E5320 /* Insist100Days.app */,
			);
			name = Products;
			sourceTree = "<group>";
		};
		C660BD395B8EE12BC6E8FCB4 /* Utils */ = {
			isa = PBXGroup;
			children = (
				C660B4E477A27CE456CB3A01 /* BTTDatabaseUtil.m */,
				C660BD0EAF8881509AA0635A /* BTTConfig.h */,
				C660BC8702F326502014AAC5 /* BTTDatabaseUtil.h */,
				C660B892C98E72CF88EBBD64 /* BTTDateUtil.h */,
				C660B46AF96AF953919C497D /* BTTDateUtil.m */,
				C660BDEEF69F769644275DDF /* BTTLogger.h */,
			);
			path = Utils;
			sourceTree = "<group>";
		};
		C660BEBF930FF076177FA1AF /* Classes */ = {
			isa = PBXGroup;
			children = (
				C660B569FC804E928C39F376 /* Controllers */,
				C660B848588E5E8BEE1945D3 /* Views */,
				C660BD395B8EE12BC6E8FCB4 /* Utils */,
				C660B318F5ED2969C07D26DB /* Models */,
				C660B9AA8DE71F154943F4E7 /* Dao */,
				C660B41E8DDD1779FEF30B14 /* Constants */,
				C660B4B1927678C7FE3DEA61 /* BTTAppDelegate.h */,
				C660BE20CAB8F2FAFAAF23B3 /* BTTAppDelegate.m */,
			);
			path = Classes;
			sourceTree = "<group>";
		};
		C660BEF2835D1492731BE615 /* Images */ = {
			isa = PBXGroup;
			children = (
				C660B9594C1AD1CB993E545A /* setup.png */,
				C660B46DAEA06EBDDB09E5BE /* setup@2x.png */,
				C660BF8A17F38BA39F56616D /* textfield_label_bg.png */,
				C660B9F84B9CE0D1D978CF6F /* textfield_label_bg@2x.png */,
				C660BE7C3B5FF5F2AB119E20 /* payout_pen@2x.png */,
				C660BCA3DFA7875F81D5B3B5 /* payout_pen.png */,
				C660BAAC5C233396246938FA /* navbar */,
				C660B31E2A155C2FC8E0FE9E /* check_mark.png */,
				C660B83CD99E8C1B498E5975 /* check_mark@2x.png */,
				C660B26C34C80C753D205087 /* warning@2x.png */,
				C660B025CEB7CFDC9293C195 /* warning.png */,
				C660B09BD6A42EED465464DD /* cancel.png */,
				C660B443854B73C446FC08D4 /* cancel@2x.png */,
			);
			path = Images;
			sourceTree = "<group>";
		};
		C660BFC192C8C77A3CFE976A /* Xibs */ = {
			isa = PBXGroup;
			children = (
				80EF385A1772A92600A28091 /* BTTIndexController.xib */,
				80EF385C1772DB0A00A28091 /* BTTSetupController.xib */,
			);
			path = Xibs;
			sourceTree = "<group>";
		};
/* End PBXGroup section */

/* Begin PBXNativeTarget section */
		C660B43A62FE2A8745BD6852 /* Insist100Days */ = {
			isa = PBXNativeTarget;
			buildConfigurationList = C660B25D43FE2453A4BA3D8A /* Build configuration list for PBXNativeTarget "Insist100Days" */;
			buildPhases = (
				35994B7757FE44D7BF40F2E1 /* Check Pods Manifest.lock */,
				C660BC7525E7C6FE43B8BDD8 /* Sources */,
				C660B865936A1A410293BFDB /* Frameworks */,
				C660BE03794ECDD6CE140D4B /* Resources */,
				459825D6EDFD47009C16D625 /* Copy Pods Resources */,
			);
			buildRules = (
			);
			dependencies = (
			);
			name = Insist100Days;
			productName = Insist100Days;
			productReference = C660B601C10C91BCD67E5320 /* Insist100Days.app */;
			productType = "com.apple.product-type.application";
		};
/* End PBXNativeTarget section */

/* Begin PBXProject section */
		C660BE604F03C53DCB8DFCDC /* Project object */ = {
			isa = PBXProject;
			attributes = {
				ORGANIZATIONNAME = "___FULLUSERNAME___";
			};
			buildConfigurationList = C660BB587A5D820AAC534DE3 /* Build configuration list for PBXProject "Insist100Days" */;
			compatibilityVersion = "Xcode 3.2";
			developmentRegion = English;
			hasScannedForEncodings = 0;
			knownRegions = (
				en,
				"zh-Hans",
			);
			mainGroup = C660B084F3EF5245AA504612;
			productRefGroup = C660BAD7BDE67EEC6959B722 /* Products */;
			projectDirPath = "";
			projectRoot = "";
			targets = (
				C660B43A62FE2A8745BD6852 /* Insist100Days */,
			);
		};
/* End PBXProject section */

/* Begin PBXResourcesBuildPhase section */
		C660BE03794ECDD6CE140D4B /* Resources */ = {
			isa = PBXResourcesBuildPhase;
			buildActionMask = 2147483647;
			files = (
				C660B0CF1DCA7BF37D228946 /* InfoPlist.strings in Resources */,
				C660B9858531A007887F75EF /* Default.png in Resources */,
				C660BE18D5AB6C4D2CAA524F /* Default@2x.png in Resources */,
				C660BCBCA48FF7EDBC491414 /* Default-568h@2x.png in Resources */,
				80EF385B1772A92600A28091 /* BTTIndexController.xib in Resources */,
				C660B0FD29576A796100812F /* setup.png in Resources */,
				C660B30B60C0ABE23EC06357 /* setup@2x.png in Resources */,
				80EF385D1772DB0A00A28091 /* BTTSetupController.xib in Resources */,
				80EF38641772E12A00A28091 /* Localizable.strings in Resources */,
				C660B694DEAD39E2764273C8 /* textfield_label_bg.png in Resources */,
				C660B9214F030C720B57A089 /* textfield_label_bg@2x.png in Resources */,
				C660B265A56CDF9138E644DD /* payout_pen@2x.png in Resources */,
				C660B39F135E847B613F8E0B /* payout_pen.png in Resources */,
				C660BC2FFAAC53780A8C6E98 /* navbar-button-edit.png in Resources */,
				C660BB9F566CEDC5B47C20AF /* navbar-button-menu.png in Resources */,
				C660BD952CF90BBBA23DABC6 /* navbar-button-edit@2x.png in Resources */,
				C660BBFB761475E75FBF3056 /* navbar-button-menu@2x.png in Resources */,
				C660B9FA1B05D174243A8CD7 /* navbar-background-gray.png in Resources */,
				C660BF33CF6595AD937ECADC /* navbar-background-green.png in Resources */,
				C660BF56EB4C6A52D715DF02 /* navbar-button-done-green.png in Resources */,
				C660B2CEB82CFAB53506D19C /* navbar-background-gray@2x.png in Resources */,
				C660B44AE4FFE70870C8C861 /* navbar-button-return-gray.png in Resources */,
				C660BF503322D43852B16AB0 /* navbar-background-green@2x.png in Resources */,
				C660BB852F1F056DA2E3B466 /* navbar-button-return-green.png in Resources */,
				C660BA38F4C13B1E3DE64EDC /* navbar-button-done-green@2x.png in Resources */,
				C660BC6D5822D6FC707DAEF1 /* navbar-button-return-gray@2x.png in Resources */,
				C660B8AF96CCF79F731F80B9 /* navbar-button-return-green@2x.png in Resources */,
				C660BF1E79CA72C117754888 /* check_mark.png in Resources */,
				C660B91A36E7AD60782B80FD /* check_mark@2x.png in Resources */,
				C660BF7164CC2692D1AD895A /* warning@2x.png in Resources */,
				C660B104664DC839D18285FB /* warning.png in Resources */,
				C660BAF835CC9FA9662AFE5D /* cancel.png in Resources */,
				C660BCFFC8AFCA3F1C01AB67 /* cancel@2x.png in Resources */,
			);
			runOnlyForDeploymentPostprocessing = 0;
		};
/* End PBXResourcesBuildPhase section */

/* Begin PBXShellScriptBuildPhase section */
		35994B7757FE44D7BF40F2E1 /* Check Pods Manifest.lock */ = {
			isa = PBXShellScriptBuildPhase;
			buildActionMask = 2147483647;
			files = (
			);
			inputPaths = (
			);
			name = "Check Pods Manifest.lock";
			outputPaths = (
			);
			runOnlyForDeploymentPostprocessing = 0;
			shellPath = /bin/sh;
			shellScript = "diff \"${PODS_ROOT}/../Podfile.lock\" \"${PODS_ROOT}/Manifest.lock\" > /dev/null\nif [[ $? != 0 ]] ; then\n    cat << EOM\nerror: The sandbox is not in sync with the Podfile.lock. Run 'pod install' or update your CocoaPods installation.\nEOM\n    exit 1\nfi\n";
		};
		459825D6EDFD47009C16D625 /* Copy Pods Resources */ = {
			isa = PBXShellScriptBuildPhase;
			buildActionMask = 2147483647;
			files = (
			);
			inputPaths = (
			);
			name = "Copy Pods Resources";
			outputPaths = (
			);
			runOnlyForDeploymentPostprocessing = 0;
			shellPath = /bin/sh;
			shellScript = "\"${SRCROOT}/Pods/Pods-resources.sh\"\n";
		};
/* End PBXShellScriptBuildPhase section */

/* Begin PBXSourcesBuildPhase section */
		C660BC7525E7C6FE43B8BDD8 /* Sources */ = {
			isa = PBXSourcesBuildPhase;
			buildActionMask = 2147483647;
			files = (
				C660BC5387605D92AC60FDCA /* main.m in Sources */,
				C660B8949D431BE108A70120 /* BTTIndexController.m in Sources */,
				C660B90CB8FF0417C0E126FD /* BTTHorizontalSlideView.m in Sources */,
				C660BF3EB3BFF887E090E299 /* BTTDatabaseUtil.m in Sources */,
				C660B39F00E15026B4580498 /* BTTDateUtil.m in Sources */,
				C660BF540017452BD5BF533A /* BTTTask.m in Sources */,
				C660B1274A8D0A725599D914 /* BTTTaskItem.m in Sources */,
				C660BC4D2CCF0B6E123BA0E3 /* BTTTaskItemDao.m in Sources */,
				C660BA1C2E8DBF9C4F450100 /* BTTTaskDao.m in Sources */,
				C660B9190216F93B54D52123 /* BTTAppDelegate.m in Sources */,
				C660B4A6D91D1EDA25496CCD /* BTTSetupController.m in Sources */,
				C660B591F16F65204A1133AB /* BTTCreateTaskController.m in Sources */,
				C660BF05897FD367D119F099 /* BTTUIViewController.m in Sources */,
				C660B98F71CD4F3FB0469B05 /* BTTListTaskController.m in Sources */,
				C660BDC48321098C32BC3F60 /* BTTSwitchTaskController.m in Sources */,
				C660BBA01B610AAE5F689D7B /* BTTWeekView.m in Sources */,
			);
			runOnlyForDeploymentPostprocessing = 0;
		};
/* End PBXSourcesBuildPhase section */

/* Begin PBXVariantGroup section */
		80EF38661772E12A00A28091 /* Localizable.strings */ = {
			isa = PBXVariantGroup;
			children = (
				80EF38651772E12A00A28091 /* en */,
				80EF38691772E18A00A28091 /* zh-Hans */,
			);
			name = Localizable.strings;
			sourceTree = "<group>";
		};
		C660B303ED3C2ACB9EA44C32 /* InfoPlist.strings */ = {
			isa = PBXVariantGroup;
			children = (
				C660BB30902D00877EBE5728 /* en */,
				80EF386A1772E18A00A28091 /* zh-Hans */,
			);
			name = InfoPlist.strings;
			sourceTree = "<group>";
		};
/* End PBXVariantGroup section */

/* Begin XCBuildConfiguration section */
		C660B0D556A2F7E4A214BF9E /* Release */ = {
			isa = XCBuildConfiguration;
			baseConfigurationReference = 8E1839146C294F5BA4AC5C5E /* Pods.xcconfig */;
			buildSettings = {
				GCC_PRECOMPILE_PREFIX_HEADER = YES;
				GCC_PREFIX_HEADER = "Insist100Days/Insist100Days-Prefix.pch";
				INFOPLIST_FILE = "Insist100Days/Insist100Days-Info.plist";
				PRODUCT_NAME = "$(TARGET_NAME)";
				WRAPPER_EXTENSION = app;
			};
			name = Release;
		};
		C660B1F227A0D80B05796513 /* Debug */ = {
			isa = XCBuildConfiguration;
			baseConfigurationReference = 8E1839146C294F5BA4AC5C5E /* Pods.xcconfig */;
			buildSettings = {
				GCC_PRECOMPILE_PREFIX_HEADER = YES;
				GCC_PREFIX_HEADER = "Insist100Days/Insist100Days-Prefix.pch";
				INFOPLIST_FILE = "Insist100Days/Insist100Days-Info.plist";
				PRODUCT_NAME = "$(TARGET_NAME)";
				WRAPPER_EXTENSION = app;
			};
			name = Debug;
		};
		C660B9B090AF88EF43571DDB /* Debug */ = {
			isa = XCBuildConfiguration;
			buildSettings = {
				ALWAYS_SEARCH_USER_PATHS = NO;
				CLANG_CXX_LANGUAGE_STANDARD = "gnu++0x";
				CLANG_CXX_LIBRARY = "libc++";
				CLANG_ENABLE_OBJC_ARC = YES;
				CLANG_WARN_CONSTANT_CONVERSION = YES;
				CLANG_WARN_EMPTY_BODY = YES;
				CLANG_WARN_ENUM_CONVERSION = YES;
				CLANG_WARN_INT_CONVERSION = YES;
				CLANG_WARN__DUPLICATE_METHOD_MATCH = YES;
				"CODE_SIGN_IDENTITY[sdk=iphoneos*]" = "iPhone Developer";
				COPY_PHASE_STRIP = NO;
				GCC_C_LANGUAGE_STANDARD = gnu99;
				GCC_DYNAMIC_NO_PIC = NO;
				GCC_OPTIMIZATION_LEVEL = 0;
				GCC_PREPROCESSOR_DEFINITIONS = (
					"DEBUG=1",
					"$(inherited)",
				);
				GCC_SYMBOLS_PRIVATE_EXTERN = NO;
				GCC_WARN_ABOUT_RETURN_TYPE = YES;
				GCC_WARN_UNINITIALIZED_AUTOS = YES;
				GCC_WARN_UNUSED_VARIABLE = YES;
				IPHONEOS_DEPLOYMENT_TARGET = 6.1;
				ONLY_ACTIVE_ARCH = YES;
				SDKROOT = iphoneos;
			};
			name = Debug;
		};
		C660BC8A82EE1029E8DBB166 /* Release */ = {
			isa = XCBuildConfiguration;
			buildSettings = {
				ALWAYS_SEARCH_USER_PATHS = NO;
				CLANG_CXX_LANGUAGE_STANDARD = "gnu++0x";
				CLANG_CXX_LIBRARY = "libc++";
				CLANG_ENABLE_OBJC_ARC = YES;
				CLANG_WARN_CONSTANT_CONVERSION = YES;
				CLANG_WARN_EMPTY_BODY = YES;
				CLANG_WARN_ENUM_CONVERSION = YES;
				CLANG_WARN_INT_CONVERSION = YES;
				CLANG_WARN__DUPLICATE_METHOD_MATCH = YES;
				"CODE_SIGN_IDENTITY[sdk=iphoneos*]" = "iPhone Developer";
				COPY_PHASE_STRIP = YES;
				GCC_C_LANGUAGE_STANDARD = gnu99;
				GCC_WARN_ABOUT_RETURN_TYPE = YES;
				GCC_WARN_UNINITIALIZED_AUTOS = YES;
				GCC_WARN_UNUSED_VARIABLE = YES;
				IPHONEOS_DEPLOYMENT_TARGET = 6.1;
				OTHER_CFLAGS = "-DNS_BLOCK_ASSERTIONS=1";
				SDKROOT = iphoneos;
				VALIDATE_PRODUCT = YES;
			};
			name = Release;
		};
/* End XCBuildConfiguration section */

/* Begin XCConfigurationList section */
		C660B25D43FE2453A4BA3D8A /* Build configuration list for PBXNativeTarget "Insist100Days" */ = {
			isa = XCConfigurationList;
			buildConfigurations = (
				C660B0D556A2F7E4A214BF9E /* Release */,
				C660B1F227A0D80B05796513 /* Debug */,
			);
			defaultConfigurationIsVisible = 0;
			defaultConfigurationName = Release;
		};
		C660BB587A5D820AAC534DE3 /* Build configuration list for PBXProject "Insist100Days" */ = {
			isa = XCConfigurationList;
			buildConfigurations = (
				C660BC8A82EE1029E8DBB166 /* Release */,
				C660B9B090AF88EF43571DDB /* Debug */,
			);
			defaultConfigurationIsVisible = 0;
			defaultConfigurationName = Release;
		};
/* End XCConfigurationList section */
	};
	rootObject = C660BE604F03C53DCB8DFCDC /* Project object */;
}
